
Microsoft Visual Studio Solution File, Format Version 12.00
# Visual Studio Version 17
VisualStudioVersion = 17.14.36603.0
MinimumVisualStudioVersion = 10.0.40219.1
Project("{FAE04EC0-301F-11D3-BF4B-00C04F79EFBC}") = "Calculator", "Calculator\Calculator.csproj", "{6616DF8A-54A9-413C-BC8A-DA00BA057006}"
EndProject
Project("{2150E333-8FDC-42A3-9474-1A3956D46DE8}") = "src", "src", "{2AD2661B-F920-4BBA-B6DF-99947B514837}"
EndProject
Project("{2150E333-8FDC-42A3-9474-1A3956D46DE8}") = "tests", "tests", "{B519FD74-22A8-47C9-B8CC-A9F55D160726}"
EndProject
Project("{FAE04EC0-301F-11D3-BF4B-00C04F79EFBC}") = "Calculator.Tests", "Calculator.Tests\Calculator.Tests.csproj", "{7E031C67-9647-479B-9AE8-A17E00398EB9}"
EndProject
Project("{2150E333-8FDC-42A3-9474-1A3956D46DE8}") = "Элементы решения", "Элементы решения", "{754FC069-D67B-A9D7-50A1-8D1CA196D8F1}"
	ProjectSection(SolutionItems) = preProject
		sonar-project.properties = sonar-project.properties
	EndProjectSection
EndProject
Global
	GlobalSection(SolutionConfigurationPlatforms) = preSolution
		Debug|Any CPU = Debug|Any CPU
		Release|Any CPU = Release|Any CPU
	EndGlobalSection
	GlobalSection(ProjectConfigurationPlatforms) = postSolution
		{6616DF8A-54A9-413C-BC8A-DA00BA057006}.Debug|Any CPU.ActiveCfg = Debug|Any CPU
		{6616DF8A-54A9-413C-BC8A-DA00BA057006}.Debug|Any CPU.Build.0 = Debug|Any CPU
		{6616DF8A-54A9-413C-BC8A-DA00BA057006}.Release|Any CPU.ActiveCfg = Release|Any CPU
		{6616DF8A-54A9-413C-BC8A-DA00BA057006}.Release|Any CPU.Build.0 = Release|Any CPU
		{7E031C67-9647-479B-9AE8-A17E00398EB9}.Debug|Any CPU.ActiveCfg = Debug|Any CPU
		{7E031C67-9647-479B-9AE8-A17E00398EB9}.Debug|Any CPU.Build.0 = Debug|Any CPU
		{7E031C67-9647-479B-9AE8-A17E00398EB9}.Release|Any CPU.ActiveCfg = Release|Any CPU
		{7E031C67-9647-479B-9AE8-A17E00398EB9}.Release|Any CPU.Build.0 = Release|Any CPU
	EndGlobalSection
	GlobalSection(SolutionProperties) = preSolution
		HideSolutionNode = FALSE
	EndGlobalSection
	GlobalSection(NestedProjects) = preSolution
		{6616DF8A-54A9-413C-BC8A-DA00BA057006} = {2AD2661B-F920-4BBA-B6DF-99947B514837}
		{7E031C67-9647-479B-9AE8-A17E00398EB9} = {B519FD74-22A8-47C9-B8CC-A9F55D160726}
		{ED29D7AE-92A6-4EE4-AF06-DD7EAC3CDCD1} = {36D591C7-65C7-A0D1-1CBC-10CDE441BDC8}
	EndGlobalSection
	GlobalSection(ExtensibilityGlobals) = postSolution
		SolutionGuid = {767D1119-C176-48C1-9B32-F872E3B55006}
	EndGlobalSection
EndGlobal
